
Microsoft Visual Studio Solution File, Format Version 12.00
# Visual Studio Version 17
VisualStudioVersion = 17.4.33205.214
MinimumVisualStudioVersion = 10.0.40219.1
Project("{9A19103F-16F7-4668-BE54-9A1E7A4F7556}") = "UnitService.Core", "UnitService.Library\UnitService.Core.csproj", "{9DECBE0B-C7EE-496B-8A35-727999CD3C8E}"
EndProject
Project("{9A19103F-16F7-4668-BE54-9A1E7A4F7556}") = "UnitService.ConsoleTester", "UnitService.ConsoleTester\UnitService.ConsoleTester.csproj", "{BD2EE59A-DB22-401B-B48F-A58376483388}"
EndProject
Project("{9A19103F-16F7-4668-BE54-9A1E7A4F7556}") = "UnitService.Test", "UnitService.Test\UnitService.Test.csproj", "{B118BAA3-648A-4909-9627-C32CC07E6BFE}"
EndProject
Global
	GlobalSection(SolutionConfigurationPlatforms) = preSolution
		Debug|Any CPU = Debug|Any CPU
		Release|Any CPU = Release|Any CPU
	EndGlobalSection
	GlobalSection(ProjectConfigurationPlatforms) = postSolution
		{9DECBE0B-C7EE-496B-8A35-727999CD3C8E}.Debug|Any CPU.ActiveCfg = Debug|Any CPU
		{9DECBE0B-C7EE-496B-8A35-727999CD3C8E}.Debug|Any CPU.Build.0 = Debug|Any CPU
		{9DECBE0B-C7EE-496B-8A35-727999CD3C8E}.Release|Any CPU.ActiveCfg = Release|Any CPU
		{9DECBE0B-C7EE-496B-8A35-727999CD3C8E}.Release|Any CPU.Build.0 = Release|Any CPU
		{BD2EE59A-DB22-401B-B48F-A58376483388}.Debug|Any CPU.ActiveCfg = Debug|Any CPU
		{BD2EE59A-DB22-401B-B48F-A58376483388}.Debug|Any CPU.Build.0 = Debug|Any CPU
		{BD2EE59A-DB22-401B-B48F-A58376483388}.Release|Any CPU.ActiveCfg = Release|Any CPU
		{BD2EE59A-DB22-401B-B48F-A58376483388}.Release|Any CPU.Build.0 = Release|Any CPU
		{B118BAA3-648A-4909-9627-C32CC07E6BFE}.Debug|Any CPU.ActiveCfg = Debug|Any CPU
		{B118BAA3-648A-4909-9627-C32CC07E6BFE}.Debug|Any CPU.Build.0 = Debug|Any CPU
		{B118BAA3-648A-4909-9627-C32CC07E6BFE}.Release|Any CPU.ActiveCfg = Release|Any CPU
		{B118BAA3-648A-4909-9627-C32CC07E6BFE}.Release|Any CPU.Build.0 = Release|Any CPU
	EndGlobalSection
	GlobalSection(SolutionProperties) = preSolution
		HideSolutionNode = FALSE
	EndGlobalSection
	GlobalSection(ExtensibilityGlobals) = postSolution
		SolutionGuid = {9F851A6C-CADD-4A83-8D8A-41463C571F59}
	EndGlobalSection
EndGlobal
